
Microsoft Visual Studio Solution File, Format Version 12.00
# Visual Studio Version 16
VisualStudioVersion = 16.0.30907.101
MinimumVisualStudioVersion = 10.0.40219.1
Project("{FAE04EC0-301F-11D3-BF4B-00C04F79EFBC}") = "FileSystemWatcher", "FileSystemWatcher\FileSystemWatcher.csproj", "{BFEA669F-EE12-407F-9465-1214EEE4FE46}"
EndProject
Global
	GlobalSection(SolutionConfigurationPlatforms) = preSolution
		Debug|Any CPU = Debug|Any CPU
		Release|Any CPU = Release|Any CPU
	EndGlobalSection
	GlobalSection(ProjectConfigurationPlatforms) = postSolution
		{BFEA669F-EE12-407F-9465-1214EEE4FE46}.Debug|Any CPU.ActiveCfg = Debug|Any CPU
		{BFEA669F-EE12-407F-9465-1214EEE4FE46}.Debug|Any CPU.Build.0 = Debug|Any CPU
		{BFEA669F-EE12-407F-9465-1214EEE4FE46}.Release|Any CPU.ActiveCfg = Release|Any CPU
		{BFEA669F-EE12-407F-9465-1214EEE4FE46}.Release|Any CPU.Build.0 = Release|Any CPU
	EndGlobalSection
	GlobalSection(SolutionProperties) = preSolution
		HideSolutionNode = FALSE
	EndGlobalSection
	GlobalSection(ExtensibilityGlobals) = postSolution
		SolutionGuid = {05D9622F-3789-481A-800F-FB359C6596F4}
	EndGlobalSection
EndGlobal
